
Microsoft Visual Studio Solution File, Format Version 12.00
# Visual Studio Version 17
VisualStudioVersion = 17.7.34221.43
MinimumVisualStudioVersion = 10.0.40219.1
Project("{FAE04EC0-301F-11D3-BF4B-00C04F79EFBC}") = "Socioloom-Backend-ASP.Net", "Socioloom-Backend-ASP.Net.csproj", "{DCC9E995-61B7-4597-8DC6-56F48B06FC39}"
EndProject
Global
	GlobalSection(SolutionConfigurationPlatforms) = preSolution
		Debug|Any CPU = Debug|Any CPU
		Release|Any CPU = Release|Any CPU
	EndGlobalSection
	GlobalSection(ProjectConfigurationPlatforms) = postSolution
		{DCC9E995-61B7-4597-8DC6-56F48B06FC39}.Debug|Any CPU.ActiveCfg = Debug|Any CPU
		{DCC9E995-61B7-4597-8DC6-56F48B06FC39}.Debug|Any CPU.Build.0 = Debug|Any CPU
		{DCC9E995-61B7-4597-8DC6-56F48B06FC39}.Release|Any CPU.ActiveCfg = Release|Any CPU
		{DCC9E995-61B7-4597-8DC6-56F48B06FC39}.Release|Any CPU.Build.0 = Release|Any CPU
	EndGlobalSection
	GlobalSection(SolutionProperties) = preSolution
		HideSolutionNode = FALSE
	EndGlobalSection
	GlobalSection(ExtensibilityGlobals) = postSolution
		SolutionGuid = {4AC8E1E2-BE6C-49A6-A931-54000CFE9C24}
	EndGlobalSection
EndGlobal
